{
  "nodes": {
    "nixpkgs": {
      "locked": {
        "lastModified": 1764856222,
        "narHash": "sha256-8dNVYhZx136KEKET8T7yr32PT/8y/Dsk1vucG5AmsmE=",
        "rev": "ece6e266caf1effab32eceef0403b797b4330373",
        "type": "tarball",
        "url": "https://releases.nixos.org/nixpkgs/nixpkgs-26.05pre906544.ece6e266caf1/nixexprs.tar.xz?lastModified=1764856222&rev=ece6e266caf1effab32eceef0403b797b4330373"
      },
      "original": {
        "type": "tarball",
        "url": "https://channels.nixos.org/nixpkgs-unstable/nixexprs.tar.xz"
      }
    },
    "root": {
      "inputs": {
        "nixpkgs": "nixpkgs"
      }
    }
  },
  "root": "root",
  "version": 7
}
